
Microsoft Visual Studio Solution File, Format Version 12.00
# Visual Studio Version 17
VisualStudioVersion = 17.14.36511.14 d17.14
MinimumVisualStudioVersion = 10.0.40219.1
Project("{2150E333-8FDC-42A3-9474-1A3956D46DE8}") = "Task0", "Task0", "{02EA681E-C7D8-13C7-8484-4AC65E1B71E8}"
EndProject
Project("{FAE04EC0-301F-11D3-BF4B-00C04F79EFBC}") = "Tyuiu.LyapinSE.Sprint5.Task0.V20", "Tyuiu.LyapinSE.Sprint5.Task0.V20\Tyuiu.LyapinSE.Sprint5.Task0.V20.csproj", "{C0A61718-E312-470F-8F70-FAA3E731C55B}"
EndProject
Project("{FAE04EC0-301F-11D3-BF4B-00C04F79EFBC}") = "Tyuiu.LyapinSE.Sprint5.Task0.V20.Lib", "Tyuiu.LyapinSE.Sprint5.Task0.V20.Lib\Tyuiu.LyapinSE.Sprint5.Task0.V20.Lib.csproj", "{8874B770-BF65-4992-AC06-04C22ABD52B6}"
EndProject
Project("{FAE04EC0-301F-11D3-BF4B-00C04F79EFBC}") = "Tyuiu.LyapinSE.Sprint5.Task0.V20.Test", "Tyuiu.LyapinSE.Sprint5.Task0.V20.Test\Tyuiu.LyapinSE.Sprint5.Task0.V20.Test.csproj", "{185403BC-1543-40F4-81FB-E8A45D43617D}"
EndProject
Project("{2150E333-8FDC-42A3-9474-1A3956D46DE8}") = "Task1", "Task1", "{32DDC0C6-43F5-407B-8D73-F4DF5FEBC2B2}"
EndProject
Project("{FAE04EC0-301F-11D3-BF4B-00C04F79EFBC}") = "Tyuiu.LyapinSE.Sprint5.Task1.V15", "Tyuiu.LyapinSE.Sprint5.Task1.V15\Tyuiu.LyapinSE.Sprint5.Task1.V15.csproj", "{CCA912A7-DD8E-4312-AB30-DE05277C658E}"
EndProject
Project("{FAE04EC0-301F-11D3-BF4B-00C04F79EFBC}") = "Tyuiu.LyapinSE.Sprint5.Task1.V15.Test", "Tyuiu.LyapinSE.Sprint5.Task1.V15.Test\Tyuiu.LyapinSE.Sprint5.Task1.V15.Test.csproj", "{B62340A7-D950-4288-8B15-4C5D715FAC9F}"
EndProject
Project("{FAE04EC0-301F-11D3-BF4B-00C04F79EFBC}") = "Tyuiu.LyapinSE.Sprint5.Task1.V15.Lib", "Tyuiu.LyapinSE.Sprint5.Task1.V15.Lib\Tyuiu.LyapinSE.Sprint5.Task1.V15.Lib.csproj", "{305954A1-A384-4B37-8655-2FB9050F6A57}"
EndProject
Project("{2150E333-8FDC-42A3-9474-1A3956D46DE8}") = "Task2", "Task2", "{E6E1049F-EF67-40AC-9ED1-5E40D895D7F5}"
EndProject
Project("{FAE04EC0-301F-11D3-BF4B-00C04F79EFBC}") = "Tyuiu.LyapinSE.Sprint5.Task2.V18", "Tyuiu.LyapinSE.Sprint5.Task2.V18\Tyuiu.LyapinSE.Sprint5.Task2.V18.csproj", "{8417A7A6-C99C-4C54-BC74-7EEBEC0FB9A8}"
EndProject
Project("{FAE04EC0-301F-11D3-BF4B-00C04F79EFBC}") = "Tyuiu.LyapinSE.Sprint5.Task2.V18.Lib", "Tyuiu.LyapinSE.Sprint5.Task2.V18.Lib\Tyuiu.LyapinSE.Sprint5.Task2.V18.Lib.csproj", "{17996D23-D592-41DC-A73B-7B38A97ABF46}"
EndProject
Project("{FAE04EC0-301F-11D3-BF4B-00C04F79EFBC}") = "Tyuiu.LyapinSE.Sprint5.Task2.V18.Test", "Tyuiu.LyapinSE.Sprint5.Task2.V18.Test\Tyuiu.LyapinSE.Sprint5.Task2.V18.Test.csproj", "{94C2DA08-4E85-47FA-B8F0-0B10A159D621}"
EndProject
Project("{2150E333-8FDC-42A3-9474-1A3956D46DE8}") = "Task3", "Task3", "{C42BE871-0EC4-44C2-9B15-A0DC186B9267}"
EndProject
Project("{FAE04EC0-301F-11D3-BF4B-00C04F79EFBC}") = "Tyuiu.LyapinSE.Sprint5.Task3.V25", "Tyuiu.LyapinSE.Sprint5.Task3.V25\Tyuiu.LyapinSE.Sprint5.Task3.V25.csproj", "{FB3D79EF-68BB-4975-8CB7-D5A158322628}"
EndProject
Project("{FAE04EC0-301F-11D3-BF4B-00C04F79EFBC}") = "Tyuiu.LyapinSE.Sprint5.Task3.V25.Lib", "Tyuiu.LyapinSE.Sprint5.Task3.V25.Lib\Tyuiu.LyapinSE.Sprint5.Task3.V25.Lib.csproj", "{0BF65B29-EDD7-4AAB-83E1-D088A25D995D}"
EndProject
Project("{FAE04EC0-301F-11D3-BF4B-00C04F79EFBC}") = "Tyuiu.LyapinSE.Sprint5.Task3.V25.Test", "Tyuiu.LyapinSE.Sprint5.Task3.V25.Test\Tyuiu.LyapinSE.Sprint5.Task3.V25.Test.csproj", "{AD02F0FD-EF87-449F-A0FA-DFE7EAA25541}"
EndProject
Project("{2150E333-8FDC-42A3-9474-1A3956D46DE8}") = "Task4", "Task4", "{E775E75E-344B-498F-9828-1982A485E7DE}"
EndProject
Project("{FAE04EC0-301F-11D3-BF4B-00C04F79EFBC}") = "Tyuiu.LyapinSE.Sprint5.Task4.V18", "Tyuiu.LyapinSE.Sprint5.Task4.V18\Tyuiu.LyapinSE.Sprint5.Task4.V18.csproj", "{4617F8E6-9D87-4BC9-96BE-F94CFDC20B03}"
EndProject
Project("{FAE04EC0-301F-11D3-BF4B-00C04F79EFBC}") = "Tyuiu.LyapinSE.Sprint5.Task4.V18.Lib", "Tyuiu.LyapinSE.Sprint5.Task4.V18.Lib\Tyuiu.LyapinSE.Sprint5.Task4.V18.Lib.csproj", "{FF74CEC9-79C9-4FAE-8933-F3C31D663EB0}"
EndProject
Project("{FAE04EC0-301F-11D3-BF4B-00C04F79EFBC}") = "Tyuiu.LyapinSE.Sprint5.Task4.V18.Test", "Tyuiu.LyapinSE.Sprint5.Task4.V18.Test\Tyuiu.LyapinSE.Sprint5.Task4.V18.Test.csproj", "{92C63281-9BD0-4633-83E9-BC190E95A4BA}"
EndProject
Project("{2150E333-8FDC-42A3-9474-1A3956D46DE8}") = "Task5", "Task5", "{6911FB51-2378-4D1D-9623-66E52A2DA200}"
EndProject
Project("{FAE04EC0-301F-11D3-BF4B-00C04F79EFBC}") = "Tyuiu.LyapinSE.Sprint5.Task5.V11", "Tyuiu.LyapinSE.Sprint5.Task5.V11\Tyuiu.LyapinSE.Sprint5.Task5.V11.csproj", "{A6127046-B9CB-4B2D-BF67-BF62997B9F6D}"
EndProject
Project("{FAE04EC0-301F-11D3-BF4B-00C04F79EFBC}") = "Tyuiu.LyapinSE.Sprint5.Task5.V11.Test", "Tyuiu.LyapinSE.Sprint5.Task5.V11.Test\Tyuiu.LyapinSE.Sprint5.Task5.V11.Test.csproj", "{BA81A580-43C2-405C-8AC1-6AEE4553D2E2}"
EndProject
Project("{FAE04EC0-301F-11D3-BF4B-00C04F79EFBC}") = "Tyuiu.LyapinSE.Sprint5.Task5.V11.Lib", "Tyuiu.LyapinSE.Sprint5.Task5.V11.Lib\Tyuiu.LyapinSE.Sprint5.Task5.V11.Lib.csproj", "{353A17A6-4A8B-43D5-9FE9-E72EA2FA2676}"
EndProject
Global
	GlobalSection(SolutionConfigurationPlatforms) = preSolution
		Debug|Any CPU = Debug|Any CPU
		Release|Any CPU = Release|Any CPU
	EndGlobalSection
	GlobalSection(ProjectConfigurationPlatforms) = postSolution
		{C0A61718-E312-470F-8F70-FAA3E731C55B}.Debug|Any CPU.ActiveCfg = Debug|Any CPU
		{C0A61718-E312-470F-8F70-FAA3E731C55B}.Debug|Any CPU.Build.0 = Debug|Any CPU
		{C0A61718-E312-470F-8F70-FAA3E731C55B}.Release|Any CPU.ActiveCfg = Release|Any CPU
		{C0A61718-E312-470F-8F70-FAA3E731C55B}.Release|Any CPU.Build.0 = Release|Any CPU
		{8874B770-BF65-4992-AC06-04C22ABD52B6}.Debug|Any CPU.ActiveCfg = Debug|Any CPU
		{8874B770-BF65-4992-AC06-04C22ABD52B6}.Debug|Any CPU.Build.0 = Debug|Any CPU
		{8874B770-BF65-4992-AC06-04C22ABD52B6}.Release|Any CPU.ActiveCfg = Release|Any CPU
		{8874B770-BF65-4992-AC06-04C22ABD52B6}.Release|Any CPU.Build.0 = Release|Any CPU
		{185403BC-1543-40F4-81FB-E8A45D43617D}.Debug|Any CPU.ActiveCfg = Debug|Any CPU
		{185403BC-1543-40F4-81FB-E8A45D43617D}.Debug|Any CPU.Build.0 = Debug|Any CPU
		{185403BC-1543-40F4-81FB-E8A45D43617D}.Release|Any CPU.ActiveCfg = Release|Any CPU
		{185403BC-1543-40F4-81FB-E8A45D43617D}.Release|Any CPU.Build.0 = Release|Any CPU
		{CCA912A7-DD8E-4312-AB30-DE05277C658E}.Debug|Any CPU.ActiveCfg = Debug|Any CPU
		{CCA912A7-DD8E-4312-AB30-DE05277C658E}.Debug|Any CPU.Build.0 = Debug|Any CPU
		{CCA912A7-DD8E-4312-AB30-DE05277C658E}.Release|Any CPU.ActiveCfg = Release|Any CPU
		{CCA912A7-DD8E-4312-AB30-DE05277C658E}.Release|Any CPU.Build.0 = Release|Any CPU
		{B62340A7-D950-4288-8B15-4C5D715FAC9F}.Debug|Any CPU.ActiveCfg = Debug|Any CPU
		{B62340A7-D950-4288-8B15-4C5D715FAC9F}.Debug|Any CPU.Build.0 = Debug|Any CPU
		{B62340A7-D950-4288-8B15-4C5D715FAC9F}.Release|Any CPU.ActiveCfg = Release|Any CPU
		{B62340A7-D950-4288-8B15-4C5D715FAC9F}.Release|Any CPU.Build.0 = Release|Any CPU
		{305954A1-A384-4B37-8655-2FB9050F6A57}.Debug|Any CPU.ActiveCfg = Debug|Any CPU
		{305954A1-A384-4B37-8655-2FB9050F6A57}.Debug|Any CPU.Build.0 = Debug|Any CPU
		{305954A1-A384-4B37-8655-2FB9050F6A57}.Release|Any CPU.ActiveCfg = Release|Any CPU
		{305954A1-A384-4B37-8655-2FB9050F6A57}.Release|Any CPU.Build.0 = Release|Any CPU
		{8417A7A6-C99C-4C54-BC74-7EEBEC0FB9A8}.Debug|Any CPU.ActiveCfg = Debug|Any CPU
		{8417A7A6-C99C-4C54-BC74-7EEBEC0FB9A8}.Debug|Any CPU.Build.0 = Debug|Any CPU
		{8417A7A6-C99C-4C54-BC74-7EEBEC0FB9A8}.Release|Any CPU.ActiveCfg = Release|Any CPU
		{8417A7A6-C99C-4C54-BC74-7EEBEC0FB9A8}.Release|Any CPU.Build.0 = Release|Any CPU
		{17996D23-D592-41DC-A73B-7B38A97ABF46}.Debug|Any CPU.ActiveCfg = Debug|Any CPU
		{17996D23-D592-41DC-A73B-7B38A97ABF46}.Debug|Any CPU.Build.0 = Debug|Any CPU
		{17996D23-D592-41DC-A73B-7B38A97ABF46}.Release|Any CPU.ActiveCfg = Release|Any CPU
		{17996D23-D592-41DC-A73B-7B38A97ABF46}.Release|Any CPU.Build.0 = Release|Any CPU
		{94C2DA08-4E85-47FA-B8F0-0B10A159D621}.Debug|Any CPU.ActiveCfg = Debug|Any CPU
		{94C2DA08-4E85-47FA-B8F0-0B10A159D621}.Debug|Any CPU.Build.0 = Debug|Any CPU
		{94C2DA08-4E85-47FA-B8F0-0B10A159D621}.Release|Any CPU.ActiveCfg = Release|Any CPU
		{94C2DA08-4E85-47FA-B8F0-0B10A159D621}.Release|Any CPU.Build.0 = Release|Any CPU
		{FB3D79EF-68BB-4975-8CB7-D5A158322628}.Debug|Any CPU.ActiveCfg = Debug|Any CPU
		{FB3D79EF-68BB-4975-8CB7-D5A158322628}.Debug|Any CPU.Build.0 = Debug|Any CPU
		{FB3D79EF-68BB-4975-8CB7-D5A158322628}.Release|Any CPU.ActiveCfg = Release|Any CPU
		{FB3D79EF-68BB-4975-8CB7-D5A158322628}.Release|Any CPU.Build.0 = Release|Any CPU
		{0BF65B29-EDD7-4AAB-83E1-D088A25D995D}.Debug|Any CPU.ActiveCfg = Debug|Any CPU
		{0BF65B29-EDD7-4AAB-83E1-D088A25D995D}.Debug|Any CPU.Build.0 = Debug|Any CPU
		{0BF65B29-EDD7-4AAB-83E1-D088A25D995D}.Release|Any CPU.ActiveCfg = Release|Any CPU
		{0BF65B29-EDD7-4AAB-83E1-D088A25D995D}.Release|Any CPU.Build.0 = Release|Any CPU
		{AD02F0FD-EF87-449F-A0FA-DFE7EAA25541}.Debug|Any CPU.ActiveCfg = Debug|Any CPU
		{AD02F0FD-EF87-449F-A0FA-DFE7EAA25541}.Debug|Any CPU.Build.0 = Debug|Any CPU
		{AD02F0FD-EF87-449F-A0FA-DFE7EAA25541}.Release|Any CPU.ActiveCfg = Release|Any CPU
		{AD02F0FD-EF87-449F-A0FA-DFE7EAA25541}.Release|Any CPU.Build.0 = Release|Any CPU
		{4617F8E6-9D87-4BC9-96BE-F94CFDC20B03}.Debug|Any CPU.ActiveCfg = Debug|Any CPU
		{4617F8E6-9D87-4BC9-96BE-F94CFDC20B03}.Debug|Any CPU.Build.0 = Debug|Any CPU
		{4617F8E6-9D87-4BC9-96BE-F94CFDC20B03}.Release|Any CPU.ActiveCfg = Release|Any CPU
		{4617F8E6-9D87-4BC9-96BE-F94CFDC20B03}.Release|Any CPU.Build.0 = Release|Any CPU
		{FF74CEC9-79C9-4FAE-8933-F3C31D663EB0}.Debug|Any CPU.ActiveCfg = Debug|Any CPU
		{FF74CEC9-79C9-4FAE-8933-F3C31D663EB0}.Debug|Any CPU.Build.0 = Debug|Any CPU
		{FF74CEC9-79C9-4FAE-8933-F3C31D663EB0}.Release|Any CPU.ActiveCfg = Release|Any CPU
		{FF74CEC9-79C9-4FAE-8933-F3C31D663EB0}.Release|Any CPU.Build.0 = Release|Any CPU
		{92C63281-9BD0-4633-83E9-BC190E95A4BA}.Debug|Any CPU.ActiveCfg = Debug|Any CPU
		{92C63281-9BD0-4633-83E9-BC190E95A4BA}.Debug|Any CPU.Build.0 = Debug|Any CPU
		{92C63281-9BD0-4633-83E9-BC190E95A4BA}.Release|Any CPU.ActiveCfg = Release|Any CPU
		{92C63281-9BD0-4633-83E9-BC190E95A4BA}.Release|Any CPU.Build.0 = Release|Any CPU
		{A6127046-B9CB-4B2D-BF67-BF62997B9F6D}.Debug|Any CPU.ActiveCfg = Debug|Any CPU
		{A6127046-B9CB-4B2D-BF67-BF62997B9F6D}.Debug|Any CPU.Build.0 = Debug|Any CPU
		{A6127046-B9CB-4B2D-BF67-BF62997B9F6D}.Release|Any CPU.ActiveCfg = Release|Any CPU
		{A6127046-B9CB-4B2D-BF67-BF62997B9F6D}.Release|Any CPU.Build.0 = Release|Any CPU
		{BA81A580-43C2-405C-8AC1-6AEE4553D2E2}.Debug|Any CPU.ActiveCfg = Debug|Any CPU
		{BA81A580-43C2-405C-8AC1-6AEE4553D2E2}.Debug|Any CPU.Build.0 = Debug|Any CPU
		{BA81A580-43C2-405C-8AC1-6AEE4553D2E2}.Release|Any CPU.ActiveCfg = Release|Any CPU
		{BA81A580-43C2-405C-8AC1-6AEE4553D2E2}.Release|Any CPU.Build.0 = Release|Any CPU
		{353A17A6-4A8B-43D5-9FE9-E72EA2FA2676}.Debug|Any CPU.ActiveCfg = Debug|Any CPU
		{353A17A6-4A8B-43D5-9FE9-E72EA2FA2676}.Debug|Any CPU.Build.0 = Debug|Any CPU
		{353A17A6-4A8B-43D5-9FE9-E72EA2FA2676}.Release|Any CPU.ActiveCfg = Release|Any CPU
		{353A17A6-4A8B-43D5-9FE9-E72EA2FA2676}.Release|Any CPU.Build.0 = Release|Any CPU
	EndGlobalSection
	GlobalSection(SolutionProperties) = preSolution
		HideSolutionNode = FALSE
	EndGlobalSection
	GlobalSection(NestedProjects) = preSolution
		{C0A61718-E312-470F-8F70-FAA3E731C55B} = {02EA681E-C7D8-13C7-8484-4AC65E1B71E8}
		{8874B770-BF65-4992-AC06-04C22ABD52B6} = {02EA681E-C7D8-13C7-8484-4AC65E1B71E8}
		{185403BC-1543-40F4-81FB-E8A45D43617D} = {02EA681E-C7D8-13C7-8484-4AC65E1B71E8}
		{CCA912A7-DD8E-4312-AB30-DE05277C658E} = {32DDC0C6-43F5-407B-8D73-F4DF5FEBC2B2}
		{B62340A7-D950-4288-8B15-4C5D715FAC9F} = {32DDC0C6-43F5-407B-8D73-F4DF5FEBC2B2}
		{305954A1-A384-4B37-8655-2FB9050F6A57} = {32DDC0C6-43F5-407B-8D73-F4DF5FEBC2B2}
		{8417A7A6-C99C-4C54-BC74-7EEBEC0FB9A8} = {E6E1049F-EF67-40AC-9ED1-5E40D895D7F5}
		{17996D23-D592-41DC-A73B-7B38A97ABF46} = {E6E1049F-EF67-40AC-9ED1-5E40D895D7F5}
		{94C2DA08-4E85-47FA-B8F0-0B10A159D621} = {E6E1049F-EF67-40AC-9ED1-5E40D895D7F5}
		{FB3D79EF-68BB-4975-8CB7-D5A158322628} = {C42BE871-0EC4-44C2-9B15-A0DC186B9267}
		{0BF65B29-EDD7-4AAB-83E1-D088A25D995D} = {C42BE871-0EC4-44C2-9B15-A0DC186B9267}
		{AD02F0FD-EF87-449F-A0FA-DFE7EAA25541} = {C42BE871-0EC4-44C2-9B15-A0DC186B9267}
		{4617F8E6-9D87-4BC9-96BE-F94CFDC20B03} = {E775E75E-344B-498F-9828-1982A485E7DE}
		{FF74CEC9-79C9-4FAE-8933-F3C31D663EB0} = {E775E75E-344B-498F-9828-1982A485E7DE}
		{92C63281-9BD0-4633-83E9-BC190E95A4BA} = {E775E75E-344B-498F-9828-1982A485E7DE}
		{A6127046-B9CB-4B2D-BF67-BF62997B9F6D} = {6911FB51-2378-4D1D-9623-66E52A2DA200}
		{BA81A580-43C2-405C-8AC1-6AEE4553D2E2} = {6911FB51-2378-4D1D-9623-66E52A2DA200}
		{353A17A6-4A8B-43D5-9FE9-E72EA2FA2676} = {6911FB51-2378-4D1D-9623-66E52A2DA200}
	EndGlobalSection
	GlobalSection(ExtensibilityGlobals) = postSolution
		SolutionGuid = {D793F506-A835-4F29-B9DE-8F80B4671841}
	EndGlobalSection
EndGlobal
